
Microsoft Visual Studio Solution File, Format Version 12.00
# Visual Studio Version 17
VisualStudioVersion = 17.8.34330.188
MinimumVisualStudioVersion = 10.0.40219.1
Project("{FAE04EC0-301F-11D3-BF4B-00C04F79EFBC}") = "VShop.ProductApi", "VShop.ProductApi\VShop.ProductApi.csproj", "{35D897E6-81D7-49B5-9BB2-03A962426A2A}"
EndProject
Global
	GlobalSection(SolutionConfigurationPlatforms) = preSolution
		Debug|Any CPU = Debug|Any CPU
		Release|Any CPU = Release|Any CPU
	EndGlobalSection
	GlobalSection(ProjectConfigurationPlatforms) = postSolution
		{35D897E6-81D7-49B5-9BB2-03A962426A2A}.Debug|Any CPU.ActiveCfg = Debug|Any CPU
		{35D897E6-81D7-49B5-9BB2-03A962426A2A}.Debug|Any CPU.Build.0 = Debug|Any CPU
		{35D897E6-81D7-49B5-9BB2-03A962426A2A}.Release|Any CPU.ActiveCfg = Release|Any CPU
		{35D897E6-81D7-49B5-9BB2-03A962426A2A}.Release|Any CPU.Build.0 = Release|Any CPU
	EndGlobalSection
	GlobalSection(SolutionProperties) = preSolution
		HideSolutionNode = FALSE
	EndGlobalSection
	GlobalSection(ExtensibilityGlobals) = postSolution
		SolutionGuid = {7E2D21CE-1C17-40B7-8648-F115563FCA11}
	EndGlobalSection
EndGlobal
